
Microsoft Visual Studio Solution File, Format Version 12.00
# Visual Studio 2012
Project("{FAE04EC0-301F-11D3-BF4B-00C04F79EFBC}") = "pogoda", "pogoda\pogoda.csproj", "{8DBB78D9-DE36-4B1A-A6BE-53F6EAA7B000}"
EndProject
Global
	GlobalSection(SolutionConfigurationPlatforms) = preSolution
		Debug|x86 = Debug|x86
		Release|x86 = Release|x86
	EndGlobalSection
	GlobalSection(ProjectConfigurationPlatforms) = postSolution
		{8DBB78D9-DE36-4B1A-A6BE-53F6EAA7B000}.Debug|x86.ActiveCfg = Debug|x86
		{8DBB78D9-DE36-4B1A-A6BE-53F6EAA7B000}.Debug|x86.Build.0 = Debug|x86
		{8DBB78D9-DE36-4B1A-A6BE-53F6EAA7B000}.Release|x86.ActiveCfg = Release|x86
		{8DBB78D9-DE36-4B1A-A6BE-53F6EAA7B000}.Release|x86.Build.0 = Release|x86
	EndGlobalSection
	GlobalSection(MonoDevelopProperties) = preSolution
		StartupItem = pogoda\pogoda.csproj
	EndGlobalSection
EndGlobal
